
Microsoft Visual Studio Solution File, Format Version 12.00
# Visual Studio Version 16
VisualStudioVersion = 16.0.35731.53
MinimumVisualStudioVersion = 10.0.40219.1
Project("{FAE04EC0-301F-11D3-BF4B-00C04F79EFBC}") = "atividademenu", "atividademenu.csproj", "{DCC59193-B94B-451A-A13E-6979C0A65523}"
EndProject
Global
	GlobalSection(SolutionConfigurationPlatforms) = preSolution
		Debug|Any CPU = Debug|Any CPU
		Debug|x64 = Debug|x64
		Release|Any CPU = Release|Any CPU
		Release|x64 = Release|x64
	EndGlobalSection
	GlobalSection(ProjectConfigurationPlatforms) = postSolution
		{DCC59193-B94B-451A-A13E-6979C0A65523}.Debug|Any CPU.ActiveCfg = Debug|Any CPU
		{DCC59193-B94B-451A-A13E-6979C0A65523}.Debug|Any CPU.Build.0 = Debug|Any CPU
		{DCC59193-B94B-451A-A13E-6979C0A65523}.Debug|x64.ActiveCfg = Debug|x64
		{DCC59193-B94B-451A-A13E-6979C0A65523}.Debug|x64.Build.0 = Debug|x64
		{DCC59193-B94B-451A-A13E-6979C0A65523}.Release|Any CPU.ActiveCfg = Release|Any CPU
		{DCC59193-B94B-451A-A13E-6979C0A65523}.Release|Any CPU.Build.0 = Release|Any CPU
		{DCC59193-B94B-451A-A13E-6979C0A65523}.Release|x64.ActiveCfg = Release|x64
		{DCC59193-B94B-451A-A13E-6979C0A65523}.Release|x64.Build.0 = Release|x64
	EndGlobalSection
	GlobalSection(SolutionProperties) = preSolution
		HideSolutionNode = FALSE
	EndGlobalSection
	GlobalSection(ExtensibilityGlobals) = postSolution
		SolutionGuid = {6211F016-EF8A-4810-8DE1-AF5BD95E94C0}
	EndGlobalSection
EndGlobal
